<?xml version="1.0" encoding="utf-8"?>
<Project ToolsVersion="16.0" xmlns="http://schemas.microsoft.com/developer/msbuild/2003">
  <ItemGroup>
    <ClCompile Include="E:\GIT\LearnOpenGL\src\4.advanced_opengl\10.2.asteroids\asteroids.cpp">
      <Filter>Source Files</Filter>
    </ClCompile>
  </ItemGroup>
  <ItemGroup>
    <CustomBuild Include="E:\GIT\LearnOpenGL\CMakeLists.txt" />
  </ItemGroup>
  <ItemGroup>
    <None Include="E:\GIT\LearnOpenGL\src\4.advanced_opengl\10.2.asteroids\10.2.instancing.fs" />
    <None Include="E:\GIT\LearnOpenGL\src\4.advanced_opengl\10.2.asteroids\10.2.instancing.vs" />
  </ItemGroup>
  <ItemGroup>
    <Filter Include="Source Files">
      <UniqueIdentifier>{94BA7C8C-C298-3CE1-9CC0-35CEE0AA24D7}</UniqueIdentifier>
    </Filter>
  </ItemGroup>
</Project>
