
Microsoft Visual Studio Solution File, Format Version 12.00
# Visual Studio Version 16
VisualStudioVersion = 16.0.31729.503
MinimumVisualStudioVersion = 10.0.40219.1
Project("{8BC9CEB8-8B4A-11D0-8D11-00A0C91BC942}") = "1.1.hello_window", "example\1.getting_started\1.1.hello_window\1.1.hello_window.vcxproj", "{0645B1ED-80A6-415F-8189-ECC63F875ED0}"
EndProject
Project("{8BC9CEB8-8B4A-11D0-8D11-00A0C91BC942}") = "1.2.hello_window_clear", "example\1.getting_started\1.2.hello_window_clear\1.2.hello_window_clear.vcxproj", "{0180644D-FFED-4C2E-920A-7F14D117CB74}"
EndProject
Project("{8BC9CEB8-8B4A-11D0-8D11-00A0C91BC942}") = "2.1.hello_triangle", "example\1.getting_started\2.1.hello_triangle\2.1.hello_triangle.vcxproj", "{1DA4A7B3-E960-48F8-8D87-09F4F078FA79}"
EndProject
Project("{8BC9CEB8-8B4A-11D0-8D11-00A0C91BC942}") = "2.2.hello_triangle_indexed", "example\1.getting_started\2.2.hello_triangle_indexed\2.2.hello_triangle_indexed.vcxproj", "{8F9269C5-4747-4301-B9F3-061170BA1269}"
EndProject
Project("{8BC9CEB8-8B4A-11D0-8D11-00A0C91BC942}") = "2.3.hello_triangle_exercise1", "example\1.getting_started\2.3.hello_triangle_exercise1\2.3.hello_triangle_exercise1.vcxproj", "{27EBD7D6-9DBD-4618-B20B-D448C2927CF2}"
EndProject
Project("{8BC9CEB8-8B4A-11D0-8D11-00A0C91BC942}") = "2.4.hello_triangle_exercise2", "example\1.getting_started\2.4.hello_triangle_exercise2\2.4.hello_triangle_exercise2.vcxproj", "{0EAC1D36-7809-4C5F-9738-B36953110827}"
EndProject
Project("{2150E333-8FDC-42A3-9474-1A3956D46DE8}") = "1.getting_started", "1.getting_started", "{0F8D70F3-B36B-49B9-A417-54CF567EA320}"
EndProject
Project("{8BC9CEB8-8B4A-11D0-8D11-00A0C91BC942}") = "2.5.hello_triangle_exercise3", "example\1.getting_started\2.5.hello_triangle_exercise3\2.5.hello_triangle_exercise3.vcxproj", "{177B6F02-32C3-420E-BB81-C3557F397F2F}"
EndProject
Project("{8BC9CEB8-8B4A-11D0-8D11-00A0C91BC942}") = "3.1.shaders_uniform", "example\1.getting_started\3.1.shaders_uniform\3.1.shaders_uniform.vcxproj", "{2F521D3D-E8DB-474B-871F-AB60C86F01BE}"
EndProject
Project("{8BC9CEB8-8B4A-11D0-8D11-00A0C91BC942}") = "3.2.shaders_interpolation", "example\1.getting_started\3.2.shaders_interpolation\3.2.shaders_interpolation.vcxproj", "{702CF323-52DB-41F1-9D11-9519209AD029}"
EndProject
Project("{8BC9CEB8-8B4A-11D0-8D11-00A0C91BC942}") = "3.3.shaders_class", "example\1.getting_started\3.3.shaders_class\3.3.shaders_class.vcxproj", "{5FCEFA3E-C72C-42E2-AD5A-A3EA50540CA4}"
EndProject
Project("{8BC9CEB8-8B4A-11D0-8D11-00A0C91BC942}") = "3.4.shaders_exercise1", "example\1.getting_started\3.4.shaders_exercise1\3.4.shaders_exercise1.vcxproj", "{98734DFB-84C6-4EF2-9C16-980EB3F95992}"
EndProject
Project("{8BC9CEB8-8B4A-11D0-8D11-00A0C91BC942}") = "3.5.shaders_exercise2", "example\1.getting_started\3.5.shaders_exercise2\3.5.shaders_exercise2.vcxproj", "{C6147199-859B-40CB-A46E-36C2CA3E31C7}"
EndProject
Project("{8BC9CEB8-8B4A-11D0-8D11-00A0C91BC942}") = "3.6.shaders_exercise3", "example\1.getting_started\3.6.shaders_exercise3\3.6.shaders_exercise3.vcxproj", "{6FB4E2D5-452D-4793-9628-B1248656F17E}"
EndProject
Project("{8BC9CEB8-8B4A-11D0-8D11-00A0C91BC942}") = "4.1.textures", "example\1.getting_started\4.1.textures\4.1.textures.vcxproj", "{D89E2400-55A3-484A-A749-0FC8EF46DD58}"
EndProject
Project("{8BC9CEB8-8B4A-11D0-8D11-00A0C91BC942}") = "4.2.textures_combined", "example\1.getting_started\4.2.textures_combined\4.2.textures_combined.vcxproj", "{F9D9FB0B-F6DF-4511-AA2E-4A90D813ECF7}"
EndProject
Project("{8BC9CEB8-8B4A-11D0-8D11-00A0C91BC942}") = "4.3.textures_exercise1", "example\1.getting_started\4.3.textures_exercise1\4.3.textures_exercise1.vcxproj", "{E6825E38-0EF9-4609-AFE1-A0A54650A6EA}"
EndProject
Project("{8BC9CEB8-8B4A-11D0-8D11-00A0C91BC942}") = "4.4.textures_exercise2", "example\1.getting_started\4.4.textures_exercise2\4.4.textures_exercise2.vcxproj", "{792F6429-B24F-4AF7-A6EE-8407B659BE84}"
EndProject
Project("{8BC9CEB8-8B4A-11D0-8D11-00A0C91BC942}") = "4.5.textures_exercise3", "example\1.getting_started\4.5.textures_exercise3\4.5.textures_exercise3.vcxproj", "{3EA6D5A6-4E07-4D17-AD02-820895D41F29}"
EndProject
Project("{8BC9CEB8-8B4A-11D0-8D11-00A0C91BC942}") = "4.6.textures_exercise4", "example\1.getting_started\4.6.textures_exercise4\4.6.textures_exercise4.vcxproj", "{3FA3FD90-74C0-425B-9C7C-BB370CA9064A}"
EndProject
Project("{8BC9CEB8-8B4A-11D0-8D11-00A0C91BC942}") = "5.1.transformations", "example\1.getting_started\5.1.transformations\5.1.transformations.vcxproj", "{74084EF4-74F0-41EB-A340-3228E69A6FA4}"
EndProject
Project("{8BC9CEB8-8B4A-11D0-8D11-00A0C91BC942}") = "5.2.transformations_exercise1", "example\1.getting_started\5.2.transformations_exercise1\5.2.transformations_exercise1.vcxproj", "{8E61E048-139C-4FFA-A07E-A3B223E61DD9}"
EndProject
Project("{8BC9CEB8-8B4A-11D0-8D11-00A0C91BC942}") = "5.2.transformations_exercise2", "example\1.getting_started\5.2.transformations_exercise2\5.2.transformations_exercise2.vcxproj", "{A9492F60-A36D-437D-A9A3-A10C9C75DFCE}"
EndProject
Project("{8BC9CEB8-8B4A-11D0-8D11-00A0C91BC942}") = "6.1.coordinate_systems", "example\1.getting_started\6.1.coordinate_systems\6.1.coordinate_systems.vcxproj", "{03499D27-1BAC-478D-AE54-283C0550057D}"
EndProject
Project("{2150E333-8FDC-42A3-9474-1A3956D46DE8}") = "1. window", "1. window", "{B90505B1-43C0-4F19-B030-F777EF7E70C3}"
EndProject
Project("{2150E333-8FDC-42A3-9474-1A3956D46DE8}") = "2. triangle", "2. triangle", "{FBC4078F-D184-422C-92FA-3871A49AD272}"
EndProject
Project("{2150E333-8FDC-42A3-9474-1A3956D46DE8}") = "3. shaders", "3. shaders", "{5D516CA6-70FF-41E0-ACAE-997003BE3CAF}"
EndProject
Project("{2150E333-8FDC-42A3-9474-1A3956D46DE8}") = "4. textures", "4. textures", "{8E6DCC43-CD67-4AAA-A098-DE1F0E76B0C0}"
EndProject
Project("{2150E333-8FDC-42A3-9474-1A3956D46DE8}") = "5. transformations", "5. transformations", "{5C9C5A7A-234D-4BB3-959C-E51EBC32CE3A}"
EndProject
Project("{2150E333-8FDC-42A3-9474-1A3956D46DE8}") = "6. coordubate", "6. coordubate", "{048530A3-77B6-42C8-8686-F92EB75CA0B9}"
EndProject
Project("{8BC9CEB8-8B4A-11D0-8D11-00A0C91BC942}") = "6.2.coordinate_systems_depth", "example\1.getting_started\6.2.coordinate_systems_depth\6.2.coordinate_systems_depth.vcxproj", "{4C361A7C-9680-4F06-B87E-0DB8A4FD7034}"
EndProject
Project("{8BC9CEB8-8B4A-11D0-8D11-00A0C91BC942}") = "6.3.coordinate_systems_multiple", "example\1.getting_started\6.3.coordinate_systems_multiple\6.3.coordinate_systems_multiple.vcxproj", "{D6C8A2C3-7F42-4F90-A712-2D56803A4DD4}"
EndProject
Project("{8BC9CEB8-8B4A-11D0-8D11-00A0C91BC942}") = "6.4.coordinate_systems_exercise3", "example\1.getting_started\6.4.coordinate_systems_exercise3\6.4.coordinate_systems_exercise3.vcxproj", "{8D9823C4-A4B9-4C19-AF0F-1F8CC1E34544}"
EndProject
Global
	GlobalSection(SolutionConfigurationPlatforms) = preSolution
		Debug|x64 = Debug|x64
		Debug|x86 = Debug|x86
		Release|x64 = Release|x64
		Release|x86 = Release|x86
	EndGlobalSection
	GlobalSection(ProjectConfigurationPlatforms) = postSolution
		{0645B1ED-80A6-415F-8189-ECC63F875ED0}.Debug|x64.ActiveCfg = Debug|x64
		{0645B1ED-80A6-415F-8189-ECC63F875ED0}.Debug|x64.Build.0 = Debug|x64
		{0645B1ED-80A6-415F-8189-ECC63F875ED0}.Debug|x86.ActiveCfg = Debug|Win32
		{0645B1ED-80A6-415F-8189-ECC63F875ED0}.Debug|x86.Build.0 = Debug|Win32
		{0645B1ED-80A6-415F-8189-ECC63F875ED0}.Release|x64.ActiveCfg = Release|x64
		{0645B1ED-80A6-415F-8189-ECC63F875ED0}.Release|x64.Build.0 = Release|x64
		{0645B1ED-80A6-415F-8189-ECC63F875ED0}.Release|x86.ActiveCfg = Release|Win32
		{0645B1ED-80A6-415F-8189-ECC63F875ED0}.Release|x86.Build.0 = Release|Win32
		{0180644D-FFED-4C2E-920A-7F14D117CB74}.Debug|x64.ActiveCfg = Debug|x64
		{0180644D-FFED-4C2E-920A-7F14D117CB74}.Debug|x64.Build.0 = Debug|x64
		{0180644D-FFED-4C2E-920A-7F14D117CB74}.Debug|x86.ActiveCfg = Debug|Win32
		{0180644D-FFED-4C2E-920A-7F14D117CB74}.Debug|x86.Build.0 = Debug|Win32
		{0180644D-FFED-4C2E-920A-7F14D117CB74}.Release|x64.ActiveCfg = Release|x64
		{0180644D-FFED-4C2E-920A-7F14D117CB74}.Release|x64.Build.0 = Release|x64
		{0180644D-FFED-4C2E-920A-7F14D117CB74}.Release|x86.ActiveCfg = Release|Win32
		{0180644D-FFED-4C2E-920A-7F14D117CB74}.Release|x86.Build.0 = Release|Win32
		{1DA4A7B3-E960-48F8-8D87-09F4F078FA79}.Debug|x64.ActiveCfg = Debug|x64
		{1DA4A7B3-E960-48F8-8D87-09F4F078FA79}.Debug|x64.Build.0 = Debug|x64
		{1DA4A7B3-E960-48F8-8D87-09F4F078FA79}.Debug|x86.ActiveCfg = Debug|Win32
		{1DA4A7B3-E960-48F8-8D87-09F4F078FA79}.Debug|x86.Build.0 = Debug|Win32
		{1DA4A7B3-E960-48F8-8D87-09F4F078FA79}.Release|x64.ActiveCfg = Release|x64
		{1DA4A7B3-E960-48F8-8D87-09F4F078FA79}.Release|x64.Build.0 = Release|x64
		{1DA4A7B3-E960-48F8-8D87-09F4F078FA79}.Release|x86.ActiveCfg = Release|Win32
		{1DA4A7B3-E960-48F8-8D87-09F4F078FA79}.Release|x86.Build.0 = Release|Win32
		{8F9269C5-4747-4301-B9F3-061170BA1269}.Debug|x64.ActiveCfg = Debug|x64
		{8F9269C5-4747-4301-B9F3-061170BA1269}.Debug|x64.Build.0 = Debug|x64
		{8F9269C5-4747-4301-B9F3-061170BA1269}.Debug|x86.ActiveCfg = Debug|Win32
		{8F9269C5-4747-4301-B9F3-061170BA1269}.Debug|x86.Build.0 = Debug|Win32
		{8F9269C5-4747-4301-B9F3-061170BA1269}.Release|x64.ActiveCfg = Release|x64
		{8F9269C5-4747-4301-B9F3-061170BA1269}.Release|x64.Build.0 = Release|x64
		{8F9269C5-4747-4301-B9F3-061170BA1269}.Release|x86.ActiveCfg = Release|Win32
		{8F9269C5-4747-4301-B9F3-061170BA1269}.Release|x86.Build.0 = Release|Win32
		{27EBD7D6-9DBD-4618-B20B-D448C2927CF2}.Debug|x64.ActiveCfg = Debug|x64
		{27EBD7D6-9DBD-4618-B20B-D448C2927CF2}.Debug|x64.Build.0 = Debug|x64
		{27EBD7D6-9DBD-4618-B20B-D448C2927CF2}.Debug|x86.ActiveCfg = Debug|Win32
		{27EBD7D6-9DBD-4618-B20B-D448C2927CF2}.Debug|x86.Build.0 = Debug|Win32
		{27EBD7D6-9DBD-4618-B20B-D448C2927CF2}.Release|x64.ActiveCfg = Release|x64
		{27EBD7D6-9DBD-4618-B20B-D448C2927CF2}.Release|x64.Build.0 = Release|x64
		{27EBD7D6-9DBD-4618-B20B-D448C2927CF2}.Release|x86.ActiveCfg = Release|Win32
		{27EBD7D6-9DBD-4618-B20B-D448C2927CF2}.Release|x86.Build.0 = Release|Win32
		{0EAC1D36-7809-4C5F-9738-B36953110827}.Debug|x64.ActiveCfg = Debug|x64
		{0EAC1D36-7809-4C5F-9738-B36953110827}.Debug|x64.Build.0 = Debug|x64
		{0EAC1D36-7809-4C5F-9738-B36953110827}.Debug|x86.ActiveCfg = Debug|Win32
		{0EAC1D36-7809-4C5F-9738-B36953110827}.Debug|x86.Build.0 = Debug|Win32
		{0EAC1D36-7809-4C5F-9738-B36953110827}.Release|x64.ActiveCfg = Release|x64
		{0EAC1D36-7809-4C5F-9738-B36953110827}.Release|x64.Build.0 = Release|x64
		{0EAC1D36-7809-4C5F-9738-B36953110827}.Release|x86.ActiveCfg = Release|Win32
		{0EAC1D36-7809-4C5F-9738-B36953110827}.Release|x86.Build.0 = Release|Win32
		{177B6F02-32C3-420E-BB81-C3557F397F2F}.Debug|x64.ActiveCfg = Debug|x64
		{177B6F02-32C3-420E-BB81-C3557F397F2F}.Debug|x64.Build.0 = Debug|x64
		{177B6F02-32C3-420E-BB81-C3557F397F2F}.Debug|x86.ActiveCfg = Debug|Win32
		{177B6F02-32C3-420E-BB81-C3557F397F2F}.Debug|x86.Build.0 = Debug|Win32
		{177B6F02-32C3-420E-BB81-C3557F397F2F}.Release|x64.ActiveCfg = Release|x64
		{177B6F02-32C3-420E-BB81-C3557F397F2F}.Release|x64.Build.0 = Release|x64
		{177B6F02-32C3-420E-BB81-C3557F397F2F}.Release|x86.ActiveCfg = Release|Win32
		{177B6F02-32C3-420E-BB81-C3557F397F2F}.Release|x86.Build.0 = Release|Win32
		{2F521D3D-E8DB-474B-871F-AB60C86F01BE}.Debug|x64.ActiveCfg = Debug|x64
		{2F521D3D-E8DB-474B-871F-AB60C86F01BE}.Debug|x64.Build.0 = Debug|x64
		{2F521D3D-E8DB-474B-871F-AB60C86F01BE}.Debug|x86.ActiveCfg = Debug|Win32
		{2F521D3D-E8DB-474B-871F-AB60C86F01BE}.Debug|x86.Build.0 = Debug|Win32
		{2F521D3D-E8DB-474B-871F-AB60C86F01BE}.Release|x64.ActiveCfg = Release|x64
		{2F521D3D-E8DB-474B-871F-AB60C86F01BE}.Release|x64.Build.0 = Release|x64
		{2F521D3D-E8DB-474B-871F-AB60C86F01BE}.Release|x86.ActiveCfg = Release|Win32
		{2F521D3D-E8DB-474B-871F-AB60C86F01BE}.Release|x86.Build.0 = Release|Win32
		{702CF323-52DB-41F1-9D11-9519209AD029}.Debug|x64.ActiveCfg = Debug|x64
		{702CF323-52DB-41F1-9D11-9519209AD029}.Debug|x64.Build.0 = Debug|x64
		{702CF323-52DB-41F1-9D11-9519209AD029}.Debug|x86.ActiveCfg = Debug|Win32
		{702CF323-52DB-41F1-9D11-9519209AD029}.Debug|x86.Build.0 = Debug|Win32
		{702CF323-52DB-41F1-9D11-9519209AD029}.Release|x64.ActiveCfg = Release|x64
		{702CF323-52DB-41F1-9D11-9519209AD029}.Release|x64.Build.0 = Release|x64
		{702CF323-52DB-41F1-9D11-9519209AD029}.Release|x86.ActiveCfg = Release|Win32
		{702CF323-52DB-41F1-9D11-9519209AD029}.Release|x86.Build.0 = Release|Win32
		{5FCEFA3E-C72C-42E2-AD5A-A3EA50540CA4}.Debug|x64.ActiveCfg = Debug|x64
		{5FCEFA3E-C72C-42E2-AD5A-A3EA50540CA4}.Debug|x64.Build.0 = Debug|x64
		{5FCEFA3E-C72C-42E2-AD5A-A3EA50540CA4}.Debug|x86.ActiveCfg = Debug|Win32
		{5FCEFA3E-C72C-42E2-AD5A-A3EA50540CA4}.Debug|x86.Build.0 = Debug|Win32
		{5FCEFA3E-C72C-42E2-AD5A-A3EA50540CA4}.Release|x64.ActiveCfg = Release|x64
		{5FCEFA3E-C72C-42E2-AD5A-A3EA50540CA4}.Release|x64.Build.0 = Release|x64
		{5FCEFA3E-C72C-42E2-AD5A-A3EA50540CA4}.Release|x86.ActiveCfg = Release|Win32
		{5FCEFA3E-C72C-42E2-AD5A-A3EA50540CA4}.Release|x86.Build.0 = Release|Win32
		{98734DFB-84C6-4EF2-9C16-980EB3F95992}.Debug|x64.ActiveCfg = Debug|x64
		{98734DFB-84C6-4EF2-9C16-980EB3F95992}.Debug|x64.Build.0 = Debug|x64
		{98734DFB-84C6-4EF2-9C16-980EB3F95992}.Debug|x86.ActiveCfg = Debug|Win32
		{98734DFB-84C6-4EF2-9C16-980EB3F95992}.Debug|x86.Build.0 = Debug|Win32
		{98734DFB-84C6-4EF2-9C16-980EB3F95992}.Release|x64.ActiveCfg = Release|x64
		{98734DFB-84C6-4EF2-9C16-980EB3F95992}.Release|x64.Build.0 = Release|x64
		{98734DFB-84C6-4EF2-9C16-980EB3F95992}.Release|x86.ActiveCfg = Release|Win32
		{98734DFB-84C6-4EF2-9C16-980EB3F95992}.Release|x86.Build.0 = Release|Win32
		{C6147199-859B-40CB-A46E-36C2CA3E31C7}.Debug|x64.ActiveCfg = Debug|x64
		{C6147199-859B-40CB-A46E-36C2CA3E31C7}.Debug|x64.Build.0 = Debug|x64
		{C6147199-859B-40CB-A46E-36C2CA3E31C7}.Debug|x86.ActiveCfg = Debug|Win32
		{C6147199-859B-40CB-A46E-36C2CA3E31C7}.Debug|x86.Build.0 = Debug|Win32
		{C6147199-859B-40CB-A46E-36C2CA3E31C7}.Release|x64.ActiveCfg = Release|x64
		{C6147199-859B-40CB-A46E-36C2CA3E31C7}.Release|x64.Build.0 = Release|x64
		{C6147199-859B-40CB-A46E-36C2CA3E31C7}.Release|x86.ActiveCfg = Release|Win32
		{C6147199-859B-40CB-A46E-36C2CA3E31C7}.Release|x86.Build.0 = Release|Win32
		{6FB4E2D5-452D-4793-9628-B1248656F17E}.Debug|x64.ActiveCfg = Debug|x64
		{6FB4E2D5-452D-4793-9628-B1248656F17E}.Debug|x64.Build.0 = Debug|x64
		{6FB4E2D5-452D-4793-9628-B1248656F17E}.Debug|x86.ActiveCfg = Debug|Win32
		{6FB4E2D5-452D-4793-9628-B1248656F17E}.Debug|x86.Build.0 = Debug|Win32
		{6FB4E2D5-452D-4793-9628-B1248656F17E}.Release|x64.ActiveCfg = Release|x64
		{6FB4E2D5-452D-4793-9628-B1248656F17E}.Release|x64.Build.0 = Release|x64
		{6FB4E2D5-452D-4793-9628-B1248656F17E}.Release|x86.ActiveCfg = Release|Win32
		{6FB4E2D5-452D-4793-9628-B1248656F17E}.Release|x86.Build.0 = Release|Win32
		{D89E2400-55A3-484A-A749-0FC8EF46DD58}.Debug|x64.ActiveCfg = Debug|x64
		{D89E2400-55A3-484A-A749-0FC8EF46DD58}.Debug|x64.Build.0 = Debug|x64
		{D89E2400-55A3-484A-A749-0FC8EF46DD58}.Debug|x86.ActiveCfg = Debug|Win32
		{D89E2400-55A3-484A-A749-0FC8EF46DD58}.Debug|x86.Build.0 = Debug|Win32
		{D89E2400-55A3-484A-A749-0FC8EF46DD58}.Release|x64.ActiveCfg = Release|x64
		{D89E2400-55A3-484A-A749-0FC8EF46DD58}.Release|x64.Build.0 = Release|x64
		{D89E2400-55A3-484A-A749-0FC8EF46DD58}.Release|x86.ActiveCfg = Release|Win32
		{D89E2400-55A3-484A-A749-0FC8EF46DD58}.Release|x86.Build.0 = Release|Win32
		{F9D9FB0B-F6DF-4511-AA2E-4A90D813ECF7}.Debug|x64.ActiveCfg = Debug|x64
		{F9D9FB0B-F6DF-4511-AA2E-4A90D813ECF7}.Debug|x64.Build.0 = Debug|x64
		{F9D9FB0B-F6DF-4511-AA2E-4A90D813ECF7}.Debug|x86.ActiveCfg = Debug|Win32
		{F9D9FB0B-F6DF-4511-AA2E-4A90D813ECF7}.Debug|x86.Build.0 = Debug|Win32
		{F9D9FB0B-F6DF-4511-AA2E-4A90D813ECF7}.Release|x64.ActiveCfg = Release|x64
		{F9D9FB0B-F6DF-4511-AA2E-4A90D813ECF7}.Release|x64.Build.0 = Release|x64
		{F9D9FB0B-F6DF-4511-AA2E-4A90D813ECF7}.Release|x86.ActiveCfg = Release|Win32
		{F9D9FB0B-F6DF-4511-AA2E-4A90D813ECF7}.Release|x86.Build.0 = Release|Win32
		{E6825E38-0EF9-4609-AFE1-A0A54650A6EA}.Debug|x64.ActiveCfg = Debug|x64
		{E6825E38-0EF9-4609-AFE1-A0A54650A6EA}.Debug|x64.Build.0 = Debug|x64
		{E6825E38-0EF9-4609-AFE1-A0A54650A6EA}.Debug|x86.ActiveCfg = Debug|Win32
		{E6825E38-0EF9-4609-AFE1-A0A54650A6EA}.Debug|x86.Build.0 = Debug|Win32
		{E6825E38-0EF9-4609-AFE1-A0A54650A6EA}.Release|x64.ActiveCfg = Release|x64
		{E6825E38-0EF9-4609-AFE1-A0A54650A6EA}.Release|x64.Build.0 = Release|x64
		{E6825E38-0EF9-4609-AFE1-A0A54650A6EA}.Release|x86.ActiveCfg = Release|Win32
		{E6825E38-0EF9-4609-AFE1-A0A54650A6EA}.Release|x86.Build.0 = Release|Win32
		{792F6429-B24F-4AF7-A6EE-8407B659BE84}.Debug|x64.ActiveCfg = Debug|x64
		{792F6429-B24F-4AF7-A6EE-8407B659BE84}.Debug|x64.Build.0 = Debug|x64
		{792F6429-B24F-4AF7-A6EE-8407B659BE84}.Debug|x86.ActiveCfg = Debug|Win32
		{792F6429-B24F-4AF7-A6EE-8407B659BE84}.Debug|x86.Build.0 = Debug|Win32
		{792F6429-B24F-4AF7-A6EE-8407B659BE84}.Release|x64.ActiveCfg = Release|x64
		{792F6429-B24F-4AF7-A6EE-8407B659BE84}.Release|x64.Build.0 = Release|x64
		{792F6429-B24F-4AF7-A6EE-8407B659BE84}.Release|x86.ActiveCfg = Release|Win32
		{792F6429-B24F-4AF7-A6EE-8407B659BE84}.Release|x86.Build.0 = Release|Win32
		{3EA6D5A6-4E07-4D17-AD02-820895D41F29}.Debug|x64.ActiveCfg = Debug|x64
		{3EA6D5A6-4E07-4D17-AD02-820895D41F29}.Debug|x64.Build.0 = Debug|x64
		{3EA6D5A6-4E07-4D17-AD02-820895D41F29}.Debug|x86.ActiveCfg = Debug|Win32
		{3EA6D5A6-4E07-4D17-AD02-820895D41F29}.Debug|x86.Build.0 = Debug|Win32
		{3EA6D5A6-4E07-4D17-AD02-820895D41F29}.Release|x64.ActiveCfg = Release|x64
		{3EA6D5A6-4E07-4D17-AD02-820895D41F29}.Release|x64.Build.0 = Release|x64
		{3EA6D5A6-4E07-4D17-AD02-820895D41F29}.Release|x86.ActiveCfg = Release|Win32
		{3EA6D5A6-4E07-4D17-AD02-820895D41F29}.Release|x86.Build.0 = Release|Win32
		{3FA3FD90-74C0-425B-9C7C-BB370CA9064A}.Debug|x64.ActiveCfg = Debug|x64
		{3FA3FD90-74C0-425B-9C7C-BB370CA9064A}.Debug|x64.Build.0 = Debug|x64
		{3FA3FD90-74C0-425B-9C7C-BB370CA9064A}.Debug|x86.ActiveCfg = Debug|Win32
		{3FA3FD90-74C0-425B-9C7C-BB370CA9064A}.Debug|x86.Build.0 = Debug|Win32
		{3FA3FD90-74C0-425B-9C7C-BB370CA9064A}.Release|x64.ActiveCfg = Release|x64
		{3FA3FD90-74C0-425B-9C7C-BB370CA9064A}.Release|x64.Build.0 = Release|x64
		{3FA3FD90-74C0-425B-9C7C-BB370CA9064A}.Release|x86.ActiveCfg = Release|Win32
		{3FA3FD90-74C0-425B-9C7C-BB370CA9064A}.Release|x86.Build.0 = Release|Win32
		{74084EF4-74F0-41EB-A340-3228E69A6FA4}.Debug|x64.ActiveCfg = Debug|x64
		{74084EF4-74F0-41EB-A340-3228E69A6FA4}.Debug|x64.Build.0 = Debug|x64
		{74084EF4-74F0-41EB-A340-3228E69A6FA4}.Debug|x86.ActiveCfg = Debug|Win32
		{74084EF4-74F0-41EB-A340-3228E69A6FA4}.Debug|x86.Build.0 = Debug|Win32
		{74084EF4-74F0-41EB-A340-3228E69A6FA4}.Release|x64.ActiveCfg = Release|x64
		{74084EF4-74F0-41EB-A340-3228E69A6FA4}.Release|x64.Build.0 = Release|x64
		{74084EF4-74F0-41EB-A340-3228E69A6FA4}.Release|x86.ActiveCfg = Release|Win32
		{74084EF4-74F0-41EB-A340-3228E69A6FA4}.Release|x86.Build.0 = Release|Win32
		{8E61E048-139C-4FFA-A07E-A3B223E61DD9}.Debug|x64.ActiveCfg = Debug|x64
		{8E61E048-139C-4FFA-A07E-A3B223E61DD9}.Debug|x64.Build.0 = Debug|x64
		{8E61E048-139C-4FFA-A07E-A3B223E61DD9}.Debug|x86.ActiveCfg = Debug|Win32
		{8E61E048-139C-4FFA-A07E-A3B223E61DD9}.Debug|x86.Build.0 = Debug|Win32
		{8E61E048-139C-4FFA-A07E-A3B223E61DD9}.Release|x64.ActiveCfg = Release|x64
		{8E61E048-139C-4FFA-A07E-A3B223E61DD9}.Release|x64.Build.0 = Release|x64
		{8E61E048-139C-4FFA-A07E-A3B223E61DD9}.Release|x86.ActiveCfg = Release|Win32
		{8E61E048-139C-4FFA-A07E-A3B223E61DD9}.Release|x86.Build.0 = Release|Win32
		{A9492F60-A36D-437D-A9A3-A10C9C75DFCE}.Debug|x64.ActiveCfg = Debug|x64
		{A9492F60-A36D-437D-A9A3-A10C9C75DFCE}.Debug|x64.Build.0 = Debug|x64
		{A9492F60-A36D-437D-A9A3-A10C9C75DFCE}.Debug|x86.ActiveCfg = Debug|Win32
		{A9492F60-A36D-437D-A9A3-A10C9C75DFCE}.Debug|x86.Build.0 = Debug|Win32
		{A9492F60-A36D-437D-A9A3-A10C9C75DFCE}.Release|x64.ActiveCfg = Release|x64
		{A9492F60-A36D-437D-A9A3-A10C9C75DFCE}.Release|x64.Build.0 = Release|x64
		{A9492F60-A36D-437D-A9A3-A10C9C75DFCE}.Release|x86.ActiveCfg = Release|Win32
		{A9492F60-A36D-437D-A9A3-A10C9C75DFCE}.Release|x86.Build.0 = Release|Win32
		{03499D27-1BAC-478D-AE54-283C0550057D}.Debug|x64.ActiveCfg = Debug|x64
		{03499D27-1BAC-478D-AE54-283C0550057D}.Debug|x64.Build.0 = Debug|x64
		{03499D27-1BAC-478D-AE54-283C0550057D}.Debug|x86.ActiveCfg = Debug|Win32
		{03499D27-1BAC-478D-AE54-283C0550057D}.Debug|x86.Build.0 = Debug|Win32
		{03499D27-1BAC-478D-AE54-283C0550057D}.Release|x64.ActiveCfg = Release|x64
		{03499D27-1BAC-478D-AE54-283C0550057D}.Release|x64.Build.0 = Release|x64
		{03499D27-1BAC-478D-AE54-283C0550057D}.Release|x86.ActiveCfg = Release|Win32
		{03499D27-1BAC-478D-AE54-283C0550057D}.Release|x86.Build.0 = Release|Win32
		{4C361A7C-9680-4F06-B87E-0DB8A4FD7034}.Debug|x64.ActiveCfg = Debug|x64
		{4C361A7C-9680-4F06-B87E-0DB8A4FD7034}.Debug|x64.Build.0 = Debug|x64
		{4C361A7C-9680-4F06-B87E-0DB8A4FD7034}.Debug|x86.ActiveCfg = Debug|Win32
		{4C361A7C-9680-4F06-B87E-0DB8A4FD7034}.Debug|x86.Build.0 = Debug|Win32
		{4C361A7C-9680-4F06-B87E-0DB8A4FD7034}.Release|x64.ActiveCfg = Release|x64
		{4C361A7C-9680-4F06-B87E-0DB8A4FD7034}.Release|x64.Build.0 = Release|x64
		{4C361A7C-9680-4F06-B87E-0DB8A4FD7034}.Release|x86.ActiveCfg = Release|Win32
		{4C361A7C-9680-4F06-B87E-0DB8A4FD7034}.Release|x86.Build.0 = Release|Win32
		{D6C8A2C3-7F42-4F90-A712-2D56803A4DD4}.Debug|x64.ActiveCfg = Debug|x64
		{D6C8A2C3-7F42-4F90-A712-2D56803A4DD4}.Debug|x64.Build.0 = Debug|x64
		{D6C8A2C3-7F42-4F90-A712-2D56803A4DD4}.Debug|x86.ActiveCfg = Debug|Win32
		{D6C8A2C3-7F42-4F90-A712-2D56803A4DD4}.Debug|x86.Build.0 = Debug|Win32
		{D6C8A2C3-7F42-4F90-A712-2D56803A4DD4}.Release|x64.ActiveCfg = Release|x64
		{D6C8A2C3-7F42-4F90-A712-2D56803A4DD4}.Release|x64.Build.0 = Release|x64
		{D6C8A2C3-7F42-4F90-A712-2D56803A4DD4}.Release|x86.ActiveCfg = Release|Win32
		{D6C8A2C3-7F42-4F90-A712-2D56803A4DD4}.Release|x86.Build.0 = Release|Win32
		{8D9823C4-A4B9-4C19-AF0F-1F8CC1E34544}.Debug|x64.ActiveCfg = Debug|x64
		{8D9823C4-A4B9-4C19-AF0F-1F8CC1E34544}.Debug|x64.Build.0 = Debug|x64
		{8D9823C4-A4B9-4C19-AF0F-1F8CC1E34544}.Debug|x86.ActiveCfg = Debug|Win32
		{8D9823C4-A4B9-4C19-AF0F-1F8CC1E34544}.Debug|x86.Build.0 = Debug|Win32
		{8D9823C4-A4B9-4C19-AF0F-1F8CC1E34544}.Release|x64.ActiveCfg = Release|x64
		{8D9823C4-A4B9-4C19-AF0F-1F8CC1E34544}.Release|x64.Build.0 = Release|x64
		{8D9823C4-A4B9-4C19-AF0F-1F8CC1E34544}.Release|x86.ActiveCfg = Release|Win32
		{8D9823C4-A4B9-4C19-AF0F-1F8CC1E34544}.Release|x86.Build.0 = Release|Win32
	EndGlobalSection
	GlobalSection(SolutionProperties) = preSolution
		HideSolutionNode = FALSE
	EndGlobalSection
	GlobalSection(NestedProjects) = preSolution
		{0645B1ED-80A6-415F-8189-ECC63F875ED0} = {B90505B1-43C0-4F19-B030-F777EF7E70C3}
		{0180644D-FFED-4C2E-920A-7F14D117CB74} = {B90505B1-43C0-4F19-B030-F777EF7E70C3}
		{1DA4A7B3-E960-48F8-8D87-09F4F078FA79} = {FBC4078F-D184-422C-92FA-3871A49AD272}
		{8F9269C5-4747-4301-B9F3-061170BA1269} = {FBC4078F-D184-422C-92FA-3871A49AD272}
		{27EBD7D6-9DBD-4618-B20B-D448C2927CF2} = {FBC4078F-D184-422C-92FA-3871A49AD272}
		{0EAC1D36-7809-4C5F-9738-B36953110827} = {FBC4078F-D184-422C-92FA-3871A49AD272}
		{177B6F02-32C3-420E-BB81-C3557F397F2F} = {FBC4078F-D184-422C-92FA-3871A49AD272}
		{2F521D3D-E8DB-474B-871F-AB60C86F01BE} = {5D516CA6-70FF-41E0-ACAE-997003BE3CAF}
		{702CF323-52DB-41F1-9D11-9519209AD029} = {5D516CA6-70FF-41E0-ACAE-997003BE3CAF}
		{5FCEFA3E-C72C-42E2-AD5A-A3EA50540CA4} = {5D516CA6-70FF-41E0-ACAE-997003BE3CAF}
		{98734DFB-84C6-4EF2-9C16-980EB3F95992} = {5D516CA6-70FF-41E0-ACAE-997003BE3CAF}
		{C6147199-859B-40CB-A46E-36C2CA3E31C7} = {5D516CA6-70FF-41E0-ACAE-997003BE3CAF}
		{6FB4E2D5-452D-4793-9628-B1248656F17E} = {5D516CA6-70FF-41E0-ACAE-997003BE3CAF}
		{D89E2400-55A3-484A-A749-0FC8EF46DD58} = {8E6DCC43-CD67-4AAA-A098-DE1F0E76B0C0}
		{F9D9FB0B-F6DF-4511-AA2E-4A90D813ECF7} = {8E6DCC43-CD67-4AAA-A098-DE1F0E76B0C0}
		{E6825E38-0EF9-4609-AFE1-A0A54650A6EA} = {8E6DCC43-CD67-4AAA-A098-DE1F0E76B0C0}
		{792F6429-B24F-4AF7-A6EE-8407B659BE84} = {8E6DCC43-CD67-4AAA-A098-DE1F0E76B0C0}
		{3EA6D5A6-4E07-4D17-AD02-820895D41F29} = {8E6DCC43-CD67-4AAA-A098-DE1F0E76B0C0}
		{3FA3FD90-74C0-425B-9C7C-BB370CA9064A} = {8E6DCC43-CD67-4AAA-A098-DE1F0E76B0C0}
		{74084EF4-74F0-41EB-A340-3228E69A6FA4} = {5C9C5A7A-234D-4BB3-959C-E51EBC32CE3A}
		{8E61E048-139C-4FFA-A07E-A3B223E61DD9} = {5C9C5A7A-234D-4BB3-959C-E51EBC32CE3A}
		{A9492F60-A36D-437D-A9A3-A10C9C75DFCE} = {5C9C5A7A-234D-4BB3-959C-E51EBC32CE3A}
		{03499D27-1BAC-478D-AE54-283C0550057D} = {048530A3-77B6-42C8-8686-F92EB75CA0B9}
		{B90505B1-43C0-4F19-B030-F777EF7E70C3} = {0F8D70F3-B36B-49B9-A417-54CF567EA320}
		{FBC4078F-D184-422C-92FA-3871A49AD272} = {0F8D70F3-B36B-49B9-A417-54CF567EA320}
		{5D516CA6-70FF-41E0-ACAE-997003BE3CAF} = {0F8D70F3-B36B-49B9-A417-54CF567EA320}
		{8E6DCC43-CD67-4AAA-A098-DE1F0E76B0C0} = {0F8D70F3-B36B-49B9-A417-54CF567EA320}
		{5C9C5A7A-234D-4BB3-959C-E51EBC32CE3A} = {0F8D70F3-B36B-49B9-A417-54CF567EA320}
		{048530A3-77B6-42C8-8686-F92EB75CA0B9} = {0F8D70F3-B36B-49B9-A417-54CF567EA320}
		{4C361A7C-9680-4F06-B87E-0DB8A4FD7034} = {048530A3-77B6-42C8-8686-F92EB75CA0B9}
		{D6C8A2C3-7F42-4F90-A712-2D56803A4DD4} = {048530A3-77B6-42C8-8686-F92EB75CA0B9}
		{8D9823C4-A4B9-4C19-AF0F-1F8CC1E34544} = {048530A3-77B6-42C8-8686-F92EB75CA0B9}
	EndGlobalSection
	GlobalSection(ExtensibilityGlobals) = postSolution
		SolutionGuid = {C7B0E77F-717A-49F6-97A4-593C8518F32E}
	EndGlobalSection
EndGlobal
