
Microsoft Visual Studio Solution File, Format Version 12.00
# Visual Studio Version 16
VisualStudioVersion = 16.0.31729.503
MinimumVisualStudioVersion = 10.0.40219.1
Project("{8BC9CEB8-8B4A-11D0-8D11-00A0C91BC942}") = "1.1.hello_window", "example\1.getting_started\1.1.hello_window\1.1.hello_window.vcxproj", "{0645B1ED-80A6-415F-8189-ECC63F875ED0}"
EndProject
Project("{8BC9CEB8-8B4A-11D0-8D11-00A0C91BC942}") = "1.2.hello_window_clear", "example\1.getting_started\1.2.hello_window_clear\1.2.hello_window_clear.vcxproj", "{0180644D-FFED-4C2E-920A-7F14D117CB74}"
EndProject
Project("{8BC9CEB8-8B4A-11D0-8D11-00A0C91BC942}") = "2.1.hello_triangle", "example\1.getting_started\2.1.hello_triangle\2.1.hello_triangle.vcxproj", "{1DA4A7B3-E960-48F8-8D87-09F4F078FA79}"
EndProject
Project("{8BC9CEB8-8B4A-11D0-8D11-00A0C91BC942}") = "2.2.hello_triangle_indexed", "example\1.getting_started\2.2.hello_triangle_indexed\2.2.hello_triangle_indexed.vcxproj", "{8F9269C5-4747-4301-B9F3-061170BA1269}"
EndProject
Project("{8BC9CEB8-8B4A-11D0-8D11-00A0C91BC942}") = "2.3.hello_triangle_exercise1", "example\1.getting_started\2.3.hello_triangle_exercise1\2.3.hello_triangle_exercise1.vcxproj", "{27EBD7D6-9DBD-4618-B20B-D448C2927CF2}"
EndProject
Project("{8BC9CEB8-8B4A-11D0-8D11-00A0C91BC942}") = "2.4.hello_triangle_exercise2", "example\1.getting_started\2.4.hello_triangle_exercise2\2.4.hello_triangle_exercise2.vcxproj", "{0EAC1D36-7809-4C5F-9738-B36953110827}"
EndProject
Project("{2150E333-8FDC-42A3-9474-1A3956D46DE8}") = "1.getting_started", "1.getting_started", "{0F8D70F3-B36B-49B9-A417-54CF567EA320}"
EndProject
Project("{8BC9CEB8-8B4A-11D0-8D11-00A0C91BC942}") = "2.5.hello_triangle_exercise3", "example\1.getting_started\2.5.hello_triangle_exercise3\2.5.hello_triangle_exercise3.vcxproj", "{177B6F02-32C3-420E-BB81-C3557F397F2F}"
EndProject
Project("{8BC9CEB8-8B4A-11D0-8D11-00A0C91BC942}") = "3.1.shaders_uniform", "example\1.getting_started\3.1.shaders_uniform\3.1.shaders_uniform.vcxproj", "{2F521D3D-E8DB-474B-871F-AB60C86F01BE}"
EndProject
Project("{8BC9CEB8-8B4A-11D0-8D11-00A0C91BC942}") = "3.2.shaders_interpolation", "example\1.getting_started\3.2.shaders_interpolation\3.2.shaders_interpolation.vcxproj", "{702CF323-52DB-41F1-9D11-9519209AD029}"
EndProject
Project("{8BC9CEB8-8B4A-11D0-8D11-00A0C91BC942}") = "3.3.shaders_class", "example\1.getting_started\3.3.shaders_class\3.3.shaders_class.vcxproj", "{5FCEFA3E-C72C-42E2-AD5A-A3EA50540CA4}"
EndProject
Project("{8BC9CEB8-8B4A-11D0-8D11-00A0C91BC942}") = "3.4.shaders_exercise1", "example\1.getting_started\3.4.shaders_exercise1\3.4.shaders_exercise1.vcxproj", "{98734DFB-84C6-4EF2-9C16-980EB3F95992}"
EndProject
Project("{8BC9CEB8-8B4A-11D0-8D11-00A0C91BC942}") = "3.5.shaders_exercise2", "example\1.getting_started\3.5.shaders_exercise2\3.5.shaders_exercise2.vcxproj", "{C6147199-859B-40CB-A46E-36C2CA3E31C7}"
EndProject
Project("{8BC9CEB8-8B4A-11D0-8D11-00A0C91BC942}") = "3.6.shaders_exercise3", "example\1.getting_started\3.6.shaders_exercise3\3.6.shaders_exercise3.vcxproj", "{6FB4E2D5-452D-4793-9628-B1248656F17E}"
EndProject
Project("{8BC9CEB8-8B4A-11D0-8D11-00A0C91BC942}") = "4.1.textures", "example\1.getting_started\4.1.textures\4.1.textures.vcxproj", "{D89E2400-55A3-484A-A749-0FC8EF46DD58}"
EndProject
Project("{8BC9CEB8-8B4A-11D0-8D11-00A0C91BC942}") = "4.2.textures_combined", "example\1.getting_started\4.2.textures_combined\4.2.textures_combined.vcxproj", "{F9D9FB0B-F6DF-4511-AA2E-4A90D813ECF7}"
EndProject
Project("{8BC9CEB8-8B4A-11D0-8D11-00A0C91BC942}") = "4.3.textures_exercise1", "example\1.getting_started\4.3.textures_exercise1\4.3.textures_exercise1.vcxproj", "{E6825E38-0EF9-4609-AFE1-A0A54650A6EA}"
EndProject
Project("{8BC9CEB8-8B4A-11D0-8D11-00A0C91BC942}") = "4.4.textures_exercise2", "example\1.getting_started\4.4.textures_exercise2\4.4.textures_exercise2.vcxproj", "{792F6429-B24F-4AF7-A6EE-8407B659BE84}"
EndProject
Project("{8BC9CEB8-8B4A-11D0-8D11-00A0C91BC942}") = "4.5.textures_exercise3", "example\1.getting_started\4.5.textures_exercise3\4.5.textures_exercise3.vcxproj", "{3EA6D5A6-4E07-4D17-AD02-820895D41F29}"
EndProject
Project("{8BC9CEB8-8B4A-11D0-8D11-00A0C91BC942}") = "4.6.textures_exercise4", "example\1.getting_started\4.6.textures_exercise4\4.6.textures_exercise4.vcxproj", "{3FA3FD90-74C0-425B-9C7C-BB370CA9064A}"
EndProject
Global
	GlobalSection(SolutionConfigurationPlatforms) = preSolution
		Debug|x64 = Debug|x64
		Debug|x86 = Debug|x86
		Release|x64 = Release|x64
		Release|x86 = Release|x86
	EndGlobalSection
	GlobalSection(ProjectConfigurationPlatforms) = postSolution
		{0645B1ED-80A6-415F-8189-ECC63F875ED0}.Debug|x64.ActiveCfg = Debug|x64
		{0645B1ED-80A6-415F-8189-ECC63F875ED0}.Debug|x64.Build.0 = Debug|x64
		{0645B1ED-80A6-415F-8189-ECC63F875ED0}.Debug|x86.ActiveCfg = Debug|Win32
		{0645B1ED-80A6-415F-8189-ECC63F875ED0}.Debug|x86.Build.0 = Debug|Win32
		{0645B1ED-80A6-415F-8189-ECC63F875ED0}.Release|x64.ActiveCfg = Release|x64
		{0645B1ED-80A6-415F-8189-ECC63F875ED0}.Release|x64.Build.0 = Release|x64
		{0645B1ED-80A6-415F-8189-ECC63F875ED0}.Release|x86.ActiveCfg = Release|Win32
		{0645B1ED-80A6-415F-8189-ECC63F875ED0}.Release|x86.Build.0 = Release|Win32
		{0180644D-FFED-4C2E-920A-7F14D117CB74}.Debug|x64.ActiveCfg = Debug|x64
		{0180644D-FFED-4C2E-920A-7F14D117CB74}.Debug|x64.Build.0 = Debug|x64
		{0180644D-FFED-4C2E-920A-7F14D117CB74}.Debug|x86.ActiveCfg = Debug|Win32
		{0180644D-FFED-4C2E-920A-7F14D117CB74}.Debug|x86.Build.0 = Debug|Win32
		{0180644D-FFED-4C2E-920A-7F14D117CB74}.Release|x64.ActiveCfg = Release|x64
		{0180644D-FFED-4C2E-920A-7F14D117CB74}.Release|x64.Build.0 = Release|x64
		{0180644D-FFED-4C2E-920A-7F14D117CB74}.Release|x86.ActiveCfg = Release|Win32
		{0180644D-FFED-4C2E-920A-7F14D117CB74}.Release|x86.Build.0 = Release|Win32
		{1DA4A7B3-E960-48F8-8D87-09F4F078FA79}.Debug|x64.ActiveCfg = Debug|x64
		{1DA4A7B3-E960-48F8-8D87-09F4F078FA79}.Debug|x64.Build.0 = Debug|x64
		{1DA4A7B3-E960-48F8-8D87-09F4F078FA79}.Debug|x86.ActiveCfg = Debug|Win32
		{1DA4A7B3-E960-48F8-8D87-09F4F078FA79}.Debug|x86.Build.0 = Debug|Win32
		{1DA4A7B3-E960-48F8-8D87-09F4F078FA79}.Release|x64.ActiveCfg = Release|x64
		{1DA4A7B3-E960-48F8-8D87-09F4F078FA79}.Release|x64.Build.0 = Release|x64
		{1DA4A7B3-E960-48F8-8D87-09F4F078FA79}.Release|x86.ActiveCfg = Release|Win32
		{1DA4A7B3-E960-48F8-8D87-09F4F078FA79}.Release|x86.Build.0 = Release|Win32
		{8F9269C5-4747-4301-B9F3-061170BA1269}.Debug|x64.ActiveCfg = Debug|x64
		{8F9269C5-4747-4301-B9F3-061170BA1269}.Debug|x64.Build.0 = Debug|x64
		{8F9269C5-4747-4301-B9F3-061170BA1269}.Debug|x86.ActiveCfg = Debug|Win32
		{8F9269C5-4747-4301-B9F3-061170BA1269}.Debug|x86.Build.0 = Debug|Win32
		{8F9269C5-4747-4301-B9F3-061170BA1269}.Release|x64.ActiveCfg = Release|x64
		{8F9269C5-4747-4301-B9F3-061170BA1269}.Release|x64.Build.0 = Release|x64
		{8F9269C5-4747-4301-B9F3-061170BA1269}.Release|x86.ActiveCfg = Release|Win32
		{8F9269C5-4747-4301-B9F3-061170BA1269}.Release|x86.Build.0 = Release|Win32
		{27EBD7D6-9DBD-4618-B20B-D448C2927CF2}.Debug|x64.ActiveCfg = Debug|x64
		{27EBD7D6-9DBD-4618-B20B-D448C2927CF2}.Debug|x64.Build.0 = Debug|x64
		{27EBD7D6-9DBD-4618-B20B-D448C2927CF2}.Debug|x86.ActiveCfg = Debug|Win32
		{27EBD7D6-9DBD-4618-B20B-D448C2927CF2}.Debug|x86.Build.0 = Debug|Win32
		{27EBD7D6-9DBD-4618-B20B-D448C2927CF2}.Release|x64.ActiveCfg = Release|x64
		{27EBD7D6-9DBD-4618-B20B-D448C2927CF2}.Release|x64.Build.0 = Release|x64
		{27EBD7D6-9DBD-4618-B20B-D448C2927CF2}.Release|x86.ActiveCfg = Release|Win32
		{27EBD7D6-9DBD-4618-B20B-D448C2927CF2}.Release|x86.Build.0 = Release|Win32
		{0EAC1D36-7809-4C5F-9738-B36953110827}.Debug|x64.ActiveCfg = Debug|x64
		{0EAC1D36-7809-4C5F-9738-B36953110827}.Debug|x64.Build.0 = Debug|x64
		{0EAC1D36-7809-4C5F-9738-B36953110827}.Debug|x86.ActiveCfg = Debug|Win32
		{0EAC1D36-7809-4C5F-9738-B36953110827}.Debug|x86.Build.0 = Debug|Win32
		{0EAC1D36-7809-4C5F-9738-B36953110827}.Release|x64.ActiveCfg = Release|x64
		{0EAC1D36-7809-4C5F-9738-B36953110827}.Release|x64.Build.0 = Release|x64
		{0EAC1D36-7809-4C5F-9738-B36953110827}.Release|x86.ActiveCfg = Release|Win32
		{0EAC1D36-7809-4C5F-9738-B36953110827}.Release|x86.Build.0 = Release|Win32
		{177B6F02-32C3-420E-BB81-C3557F397F2F}.Debug|x64.ActiveCfg = Debug|x64
		{177B6F02-32C3-420E-BB81-C3557F397F2F}.Debug|x64.Build.0 = Debug|x64
		{177B6F02-32C3-420E-BB81-C3557F397F2F}.Debug|x86.ActiveCfg = Debug|Win32
		{177B6F02-32C3-420E-BB81-C3557F397F2F}.Debug|x86.Build.0 = Debug|Win32
		{177B6F02-32C3-420E-BB81-C3557F397F2F}.Release|x64.ActiveCfg = Release|x64
		{177B6F02-32C3-420E-BB81-C3557F397F2F}.Release|x64.Build.0 = Release|x64
		{177B6F02-32C3-420E-BB81-C3557F397F2F}.Release|x86.ActiveCfg = Release|Win32
		{177B6F02-32C3-420E-BB81-C3557F397F2F}.Release|x86.Build.0 = Release|Win32
		{2F521D3D-E8DB-474B-871F-AB60C86F01BE}.Debug|x64.ActiveCfg = Debug|x64
		{2F521D3D-E8DB-474B-871F-AB60C86F01BE}.Debug|x64.Build.0 = Debug|x64
		{2F521D3D-E8DB-474B-871F-AB60C86F01BE}.Debug|x86.ActiveCfg = Debug|Win32
		{2F521D3D-E8DB-474B-871F-AB60C86F01BE}.Debug|x86.Build.0 = Debug|Win32
		{2F521D3D-E8DB-474B-871F-AB60C86F01BE}.Release|x64.ActiveCfg = Release|x64
		{2F521D3D-E8DB-474B-871F-AB60C86F01BE}.Release|x64.Build.0 = Release|x64
		{2F521D3D-E8DB-474B-871F-AB60C86F01BE}.Release|x86.ActiveCfg = Release|Win32
		{2F521D3D-E8DB-474B-871F-AB60C86F01BE}.Release|x86.Build.0 = Release|Win32
		{702CF323-52DB-41F1-9D11-9519209AD029}.Debug|x64.ActiveCfg = Debug|x64
		{702CF323-52DB-41F1-9D11-9519209AD029}.Debug|x64.Build.0 = Debug|x64
		{702CF323-52DB-41F1-9D11-9519209AD029}.Debug|x86.ActiveCfg = Debug|Win32
		{702CF323-52DB-41F1-9D11-9519209AD029}.Debug|x86.Build.0 = Debug|Win32
		{702CF323-52DB-41F1-9D11-9519209AD029}.Release|x64.ActiveCfg = Release|x64
		{702CF323-52DB-41F1-9D11-9519209AD029}.Release|x64.Build.0 = Release|x64
		{702CF323-52DB-41F1-9D11-9519209AD029}.Release|x86.ActiveCfg = Release|Win32
		{702CF323-52DB-41F1-9D11-9519209AD029}.Release|x86.Build.0 = Release|Win32
		{5FCEFA3E-C72C-42E2-AD5A-A3EA50540CA4}.Debug|x64.ActiveCfg = Debug|x64
		{5FCEFA3E-C72C-42E2-AD5A-A3EA50540CA4}.Debug|x64.Build.0 = Debug|x64
		{5FCEFA3E-C72C-42E2-AD5A-A3EA50540CA4}.Debug|x86.ActiveCfg = Debug|Win32
		{5FCEFA3E-C72C-42E2-AD5A-A3EA50540CA4}.Debug|x86.Build.0 = Debug|Win32
		{5FCEFA3E-C72C-42E2-AD5A-A3EA50540CA4}.Release|x64.ActiveCfg = Release|x64
		{5FCEFA3E-C72C-42E2-AD5A-A3EA50540CA4}.Release|x64.Build.0 = Release|x64
		{5FCEFA3E-C72C-42E2-AD5A-A3EA50540CA4}.Release|x86.ActiveCfg = Release|Win32
		{5FCEFA3E-C72C-42E2-AD5A-A3EA50540CA4}.Release|x86.Build.0 = Release|Win32
		{98734DFB-84C6-4EF2-9C16-980EB3F95992}.Debug|x64.ActiveCfg = Debug|x64
		{98734DFB-84C6-4EF2-9C16-980EB3F95992}.Debug|x64.Build.0 = Debug|x64
		{98734DFB-84C6-4EF2-9C16-980EB3F95992}.Debug|x86.ActiveCfg = Debug|Win32
		{98734DFB-84C6-4EF2-9C16-980EB3F95992}.Debug|x86.Build.0 = Debug|Win32
		{98734DFB-84C6-4EF2-9C16-980EB3F95992}.Release|x64.ActiveCfg = Release|x64
		{98734DFB-84C6-4EF2-9C16-980EB3F95992}.Release|x64.Build.0 = Release|x64
		{98734DFB-84C6-4EF2-9C16-980EB3F95992}.Release|x86.ActiveCfg = Release|Win32
		{98734DFB-84C6-4EF2-9C16-980EB3F95992}.Release|x86.Build.0 = Release|Win32
		{C6147199-859B-40CB-A46E-36C2CA3E31C7}.Debug|x64.ActiveCfg = Debug|x64
		{C6147199-859B-40CB-A46E-36C2CA3E31C7}.Debug|x64.Build.0 = Debug|x64
		{C6147199-859B-40CB-A46E-36C2CA3E31C7}.Debug|x86.ActiveCfg = Debug|Win32
		{C6147199-859B-40CB-A46E-36C2CA3E31C7}.Debug|x86.Build.0 = Debug|Win32
		{C6147199-859B-40CB-A46E-36C2CA3E31C7}.Release|x64.ActiveCfg = Release|x64
		{C6147199-859B-40CB-A46E-36C2CA3E31C7}.Release|x64.Build.0 = Release|x64
		{C6147199-859B-40CB-A46E-36C2CA3E31C7}.Release|x86.ActiveCfg = Release|Win32
		{C6147199-859B-40CB-A46E-36C2CA3E31C7}.Release|x86.Build.0 = Release|Win32
		{6FB4E2D5-452D-4793-9628-B1248656F17E}.Debug|x64.ActiveCfg = Debug|x64
		{6FB4E2D5-452D-4793-9628-B1248656F17E}.Debug|x64.Build.0 = Debug|x64
		{6FB4E2D5-452D-4793-9628-B1248656F17E}.Debug|x86.ActiveCfg = Debug|Win32
		{6FB4E2D5-452D-4793-9628-B1248656F17E}.Debug|x86.Build.0 = Debug|Win32
		{6FB4E2D5-452D-4793-9628-B1248656F17E}.Release|x64.ActiveCfg = Release|x64
		{6FB4E2D5-452D-4793-9628-B1248656F17E}.Release|x64.Build.0 = Release|x64
		{6FB4E2D5-452D-4793-9628-B1248656F17E}.Release|x86.ActiveCfg = Release|Win32
		{6FB4E2D5-452D-4793-9628-B1248656F17E}.Release|x86.Build.0 = Release|Win32
		{D89E2400-55A3-484A-A749-0FC8EF46DD58}.Debug|x64.ActiveCfg = Debug|x64
		{D89E2400-55A3-484A-A749-0FC8EF46DD58}.Debug|x64.Build.0 = Debug|x64
		{D89E2400-55A3-484A-A749-0FC8EF46DD58}.Debug|x86.ActiveCfg = Debug|Win32
		{D89E2400-55A3-484A-A749-0FC8EF46DD58}.Debug|x86.Build.0 = Debug|Win32
		{D89E2400-55A3-484A-A749-0FC8EF46DD58}.Release|x64.ActiveCfg = Release|x64
		{D89E2400-55A3-484A-A749-0FC8EF46DD58}.Release|x64.Build.0 = Release|x64
		{D89E2400-55A3-484A-A749-0FC8EF46DD58}.Release|x86.ActiveCfg = Release|Win32
		{D89E2400-55A3-484A-A749-0FC8EF46DD58}.Release|x86.Build.0 = Release|Win32
		{F9D9FB0B-F6DF-4511-AA2E-4A90D813ECF7}.Debug|x64.ActiveCfg = Debug|x64
		{F9D9FB0B-F6DF-4511-AA2E-4A90D813ECF7}.Debug|x64.Build.0 = Debug|x64
		{F9D9FB0B-F6DF-4511-AA2E-4A90D813ECF7}.Debug|x86.ActiveCfg = Debug|Win32
		{F9D9FB0B-F6DF-4511-AA2E-4A90D813ECF7}.Debug|x86.Build.0 = Debug|Win32
		{F9D9FB0B-F6DF-4511-AA2E-4A90D813ECF7}.Release|x64.ActiveCfg = Release|x64
		{F9D9FB0B-F6DF-4511-AA2E-4A90D813ECF7}.Release|x64.Build.0 = Release|x64
		{F9D9FB0B-F6DF-4511-AA2E-4A90D813ECF7}.Release|x86.ActiveCfg = Release|Win32
		{F9D9FB0B-F6DF-4511-AA2E-4A90D813ECF7}.Release|x86.Build.0 = Release|Win32
		{E6825E38-0EF9-4609-AFE1-A0A54650A6EA}.Debug|x64.ActiveCfg = Debug|x64
		{E6825E38-0EF9-4609-AFE1-A0A54650A6EA}.Debug|x64.Build.0 = Debug|x64
		{E6825E38-0EF9-4609-AFE1-A0A54650A6EA}.Debug|x86.ActiveCfg = Debug|Win32
		{E6825E38-0EF9-4609-AFE1-A0A54650A6EA}.Debug|x86.Build.0 = Debug|Win32
		{E6825E38-0EF9-4609-AFE1-A0A54650A6EA}.Release|x64.ActiveCfg = Release|x64
		{E6825E38-0EF9-4609-AFE1-A0A54650A6EA}.Release|x64.Build.0 = Release|x64
		{E6825E38-0EF9-4609-AFE1-A0A54650A6EA}.Release|x86.ActiveCfg = Release|Win32
		{E6825E38-0EF9-4609-AFE1-A0A54650A6EA}.Release|x86.Build.0 = Release|Win32
		{792F6429-B24F-4AF7-A6EE-8407B659BE84}.Debug|x64.ActiveCfg = Debug|x64
		{792F6429-B24F-4AF7-A6EE-8407B659BE84}.Debug|x64.Build.0 = Debug|x64
		{792F6429-B24F-4AF7-A6EE-8407B659BE84}.Debug|x86.ActiveCfg = Debug|Win32
		{792F6429-B24F-4AF7-A6EE-8407B659BE84}.Debug|x86.Build.0 = Debug|Win32
		{792F6429-B24F-4AF7-A6EE-8407B659BE84}.Release|x64.ActiveCfg = Release|x64
		{792F6429-B24F-4AF7-A6EE-8407B659BE84}.Release|x64.Build.0 = Release|x64
		{792F6429-B24F-4AF7-A6EE-8407B659BE84}.Release|x86.ActiveCfg = Release|Win32
		{792F6429-B24F-4AF7-A6EE-8407B659BE84}.Release|x86.Build.0 = Release|Win32
		{3EA6D5A6-4E07-4D17-AD02-820895D41F29}.Debug|x64.ActiveCfg = Debug|x64
		{3EA6D5A6-4E07-4D17-AD02-820895D41F29}.Debug|x64.Build.0 = Debug|x64
		{3EA6D5A6-4E07-4D17-AD02-820895D41F29}.Debug|x86.ActiveCfg = Debug|Win32
		{3EA6D5A6-4E07-4D17-AD02-820895D41F29}.Debug|x86.Build.0 = Debug|Win32
		{3EA6D5A6-4E07-4D17-AD02-820895D41F29}.Release|x64.ActiveCfg = Release|x64
		{3EA6D5A6-4E07-4D17-AD02-820895D41F29}.Release|x64.Build.0 = Release|x64
		{3EA6D5A6-4E07-4D17-AD02-820895D41F29}.Release|x86.ActiveCfg = Release|Win32
		{3EA6D5A6-4E07-4D17-AD02-820895D41F29}.Release|x86.Build.0 = Release|Win32
		{3FA3FD90-74C0-425B-9C7C-BB370CA9064A}.Debug|x64.ActiveCfg = Debug|x64
		{3FA3FD90-74C0-425B-9C7C-BB370CA9064A}.Debug|x64.Build.0 = Debug|x64
		{3FA3FD90-74C0-425B-9C7C-BB370CA9064A}.Debug|x86.ActiveCfg = Debug|Win32
		{3FA3FD90-74C0-425B-9C7C-BB370CA9064A}.Debug|x86.Build.0 = Debug|Win32
		{3FA3FD90-74C0-425B-9C7C-BB370CA9064A}.Release|x64.ActiveCfg = Release|x64
		{3FA3FD90-74C0-425B-9C7C-BB370CA9064A}.Release|x64.Build.0 = Release|x64
		{3FA3FD90-74C0-425B-9C7C-BB370CA9064A}.Release|x86.ActiveCfg = Release|Win32
		{3FA3FD90-74C0-425B-9C7C-BB370CA9064A}.Release|x86.Build.0 = Release|Win32
	EndGlobalSection
	GlobalSection(SolutionProperties) = preSolution
		HideSolutionNode = FALSE
	EndGlobalSection
	GlobalSection(NestedProjects) = preSolution
		{0645B1ED-80A6-415F-8189-ECC63F875ED0} = {0F8D70F3-B36B-49B9-A417-54CF567EA320}
		{0180644D-FFED-4C2E-920A-7F14D117CB74} = {0F8D70F3-B36B-49B9-A417-54CF567EA320}
		{1DA4A7B3-E960-48F8-8D87-09F4F078FA79} = {0F8D70F3-B36B-49B9-A417-54CF567EA320}
		{8F9269C5-4747-4301-B9F3-061170BA1269} = {0F8D70F3-B36B-49B9-A417-54CF567EA320}
		{27EBD7D6-9DBD-4618-B20B-D448C2927CF2} = {0F8D70F3-B36B-49B9-A417-54CF567EA320}
		{0EAC1D36-7809-4C5F-9738-B36953110827} = {0F8D70F3-B36B-49B9-A417-54CF567EA320}
		{177B6F02-32C3-420E-BB81-C3557F397F2F} = {0F8D70F3-B36B-49B9-A417-54CF567EA320}
		{2F521D3D-E8DB-474B-871F-AB60C86F01BE} = {0F8D70F3-B36B-49B9-A417-54CF567EA320}
		{702CF323-52DB-41F1-9D11-9519209AD029} = {0F8D70F3-B36B-49B9-A417-54CF567EA320}
		{5FCEFA3E-C72C-42E2-AD5A-A3EA50540CA4} = {0F8D70F3-B36B-49B9-A417-54CF567EA320}
		{98734DFB-84C6-4EF2-9C16-980EB3F95992} = {0F8D70F3-B36B-49B9-A417-54CF567EA320}
		{C6147199-859B-40CB-A46E-36C2CA3E31C7} = {0F8D70F3-B36B-49B9-A417-54CF567EA320}
		{6FB4E2D5-452D-4793-9628-B1248656F17E} = {0F8D70F3-B36B-49B9-A417-54CF567EA320}
		{D89E2400-55A3-484A-A749-0FC8EF46DD58} = {0F8D70F3-B36B-49B9-A417-54CF567EA320}
		{F9D9FB0B-F6DF-4511-AA2E-4A90D813ECF7} = {0F8D70F3-B36B-49B9-A417-54CF567EA320}
		{E6825E38-0EF9-4609-AFE1-A0A54650A6EA} = {0F8D70F3-B36B-49B9-A417-54CF567EA320}
		{792F6429-B24F-4AF7-A6EE-8407B659BE84} = {0F8D70F3-B36B-49B9-A417-54CF567EA320}
		{3EA6D5A6-4E07-4D17-AD02-820895D41F29} = {0F8D70F3-B36B-49B9-A417-54CF567EA320}
		{3FA3FD90-74C0-425B-9C7C-BB370CA9064A} = {0F8D70F3-B36B-49B9-A417-54CF567EA320}
	EndGlobalSection
	GlobalSection(ExtensibilityGlobals) = postSolution
		SolutionGuid = {C7B0E77F-717A-49F6-97A4-593C8518F32E}
	EndGlobalSection
EndGlobal
